// !$*UTF8*$!
{
	archiveVersion = 1;
	classes = {
	};
	objectVersion = 51;
	objects = {

/* Begin PBXBuildFile section */
		787BF3FDC478AE063E1D5201 /* Pods_Domotic_App.framework in Frameworks */ = {isa = PBXBuildFile; fileRef = D21F8D5751FEC65664C64D4D /* Pods_Domotic_App.framework */; };
		910EAC8F260D159A00F0692C /* UIViewControllerExtension.swift in Sources */ = {isa = PBXBuildFile; fileRef = 910EAC8E260D159A00F0692C /* UIViewControllerExtension.swift */; };
		910EACAF260D222400F0692C /* RoomDetailPresenter.swift in Sources */ = {isa = PBXBuildFile; fileRef = 910EACA7260D222400F0692C /* RoomDetailPresenter.swift */; };
		910EACB0260D222400F0692C /* RoomDetailEntity.swift in Sources */ = {isa = PBXBuildFile; fileRef = 910EACA8260D222400F0692C /* RoomDetailEntity.swift */; };
		910EACB1260D222400F0692C /* RoomDetailBuilder.swift in Sources */ = {isa = PBXBuildFile; fileRef = 910EACA9260D222400F0692C /* RoomDetailBuilder.swift */; };
		910EACB2260D222400F0692C /* RoomDetailContract.swift in Sources */ = {isa = PBXBuildFile; fileRef = 910EACAA260D222400F0692C /* RoomDetailContract.swift */; };
		910EACB3260D222400F0692C /* RoomDetailView.swift in Sources */ = {isa = PBXBuildFile; fileRef = 910EACAB260D222400F0692C /* RoomDetailView.swift */; };
		910EACB4260D222400F0692C /* RoomDetailInteractor.swift in Sources */ = {isa = PBXBuildFile; fileRef = 910EACAC260D222400F0692C /* RoomDetailInteractor.swift */; };
		910EACB5260D222400F0692C /* RoomDetailWireframe.swift in Sources */ = {isa = PBXBuildFile; fileRef = 910EACAD260D222400F0692C /* RoomDetailWireframe.swift */; };
		910EACB6260D222400F0692C /* RoomDetailView.xib in Resources */ = {isa = PBXBuildFile; fileRef = 910EACAE260D222400F0692C /* RoomDetailView.xib */; };
		910EACC0260E4DBA00F0692C /* UIViewExtension.swift in Sources */ = {isa = PBXBuildFile; fileRef = 910EACBF260E4DBA00F0692C /* UIViewExtension.swift */; };
		91E529C3260A5BD00095304B /* AppDelegate.swift in Sources */ = {isa = PBXBuildFile; fileRef = 91E529C2260A5BD00095304B /* AppDelegate.swift */; };
		91E529C5260A5BD00095304B /* SceneDelegate.swift in Sources */ = {isa = PBXBuildFile; fileRef = 91E529C4260A5BD00095304B /* SceneDelegate.swift */; };
		91E529CC260A5BD00095304B /* Assets.xcassets in Resources */ = {isa = PBXBuildFile; fileRef = 91E529CB260A5BD00095304B /* Assets.xcassets */; };
		91E529CF260A5BD00095304B /* LaunchScreen.storyboard in Resources */ = {isa = PBXBuildFile; fileRef = 91E529CD260A5BD00095304B /* LaunchScreen.storyboard */; };
		91E529E0260A5CDC0095304B /* MenuTabBarContract.swift in Sources */ = {isa = PBXBuildFile; fileRef = 91E529D8260A5CDC0095304B /* MenuTabBarContract.swift */; };
		91E529E1260A5CDC0095304B /* MenuTabBarPresenter.swift in Sources */ = {isa = PBXBuildFile; fileRef = 91E529D9260A5CDC0095304B /* MenuTabBarPresenter.swift */; };
		91E529E2260A5CDC0095304B /* MenuTabBarBuilder.swift in Sources */ = {isa = PBXBuildFile; fileRef = 91E529DA260A5CDC0095304B /* MenuTabBarBuilder.swift */; };
		91E529E3260A5CDC0095304B /* MenuTabBarInteractor.swift in Sources */ = {isa = PBXBuildFile; fileRef = 91E529DB260A5CDC0095304B /* MenuTabBarInteractor.swift */; };
		91E529E4260A5CDC0095304B /* MenuTabBarView.swift in Sources */ = {isa = PBXBuildFile; fileRef = 91E529DC260A5CDC0095304B /* MenuTabBarView.swift */; };
		91E529E5260A5CDC0095304B /* MenuTabBarView.xib in Resources */ = {isa = PBXBuildFile; fileRef = 91E529DD260A5CDC0095304B /* MenuTabBarView.xib */; };
		91E529E6260A5CDC0095304B /* MenuTabBarEntity.swift in Sources */ = {isa = PBXBuildFile; fileRef = 91E529DE260A5CDC0095304B /* MenuTabBarEntity.swift */; };
		91E529E7260A5CDC0095304B /* MenuTabBarWireframe.swift in Sources */ = {isa = PBXBuildFile; fileRef = 91E529DF260A5CDC0095304B /* MenuTabBarWireframe.swift */; };
		91E529F0260A5D240095304B /* BaseWireframe.swift in Sources */ = {isa = PBXBuildFile; fileRef = 91E529EB260A5D240095304B /* BaseWireframe.swift */; };
		91E529F1260A5D240095304B /* BaseViewController.swift in Sources */ = {isa = PBXBuildFile; fileRef = 91E529EC260A5D240095304B /* BaseViewController.swift */; };
		91E529F2260A5D240095304B /* BaseEntity.swift in Sources */ = {isa = PBXBuildFile; fileRef = 91E529ED260A5D240095304B /* BaseEntity.swift */; };
		91E529F3260A5D240095304B /* BaseInteractor.swift in Sources */ = {isa = PBXBuildFile; fileRef = 91E529EE260A5D240095304B /* BaseInteractor.swift */; };
		91E529F4260A5D240095304B /* BasePresenter.swift in Sources */ = {isa = PBXBuildFile; fileRef = 91E529EF260A5D240095304B /* BasePresenter.swift */; };
		91E52A06260A617D0095304B /* LoadingView.xib in Resources */ = {isa = PBXBuildFile; fileRef = 91E52A04260A617D0095304B /* LoadingView.xib */; };
		91E52A07260A617D0095304B /* LoadingViewController.swift in Sources */ = {isa = PBXBuildFile; fileRef = 91E52A05260A617D0095304B /* LoadingViewController.swift */; };
		91E52A0C260A64440095304B /* Localizable.strings in Resources */ = {isa = PBXBuildFile; fileRef = 91E52A0B260A64440095304B /* Localizable.strings */; };
		91E52A14260A648A0095304B /* UIImageViewExtension.swift in Sources */ = {isa = PBXBuildFile; fileRef = 91E52A0F260A648A0095304B /* UIImageViewExtension.swift */; };
		91E52A2C260A6CB40095304B /* RoomListContract.swift in Sources */ = {isa = PBXBuildFile; fileRef = 91E52A24260A6CB40095304B /* RoomListContract.swift */; };
		91E52A2D260A6CB40095304B /* RoomListPresenter.swift in Sources */ = {isa = PBXBuildFile; fileRef = 91E52A25260A6CB40095304B /* RoomListPresenter.swift */; };
		91E52A2E260A6CB40095304B /* RoomListBuilder.swift in Sources */ = {isa = PBXBuildFile; fileRef = 91E52A26260A6CB40095304B /* RoomListBuilder.swift */; };
		91E52A2F260A6CB40095304B /* RoomListInteractor.swift in Sources */ = {isa = PBXBuildFile; fileRef = 91E52A27260A6CB40095304B /* RoomListInteractor.swift */; };
		91E52A30260A6CB40095304B /* RoomListView.swift in Sources */ = {isa = PBXBuildFile; fileRef = 91E52A28260A6CB40095304B /* RoomListView.swift */; };
		91E52A31260A6CB40095304B /* RoomListView.xib in Resources */ = {isa = PBXBuildFile; fileRef = 91E52A29260A6CB40095304B /* RoomListView.xib */; };
		91E52A32260A6CB40095304B /* RoomListEntity.swift in Sources */ = {isa = PBXBuildFile; fileRef = 91E52A2A260A6CB40095304B /* RoomListEntity.swift */; };
		91E52A33260A6CB40095304B /* RoomListWireframe.swift in Sources */ = {isa = PBXBuildFile; fileRef = 91E52A2B260A6CB40095304B /* RoomListWireframe.swift */; };
		91E52A3C260A7A500095304B /* NetworkConstants.swift in Sources */ = {isa = PBXBuildFile; fileRef = 91E52A3B260A7A500095304B /* NetworkConstants.swift */; };
		91E52A4A260A81EB0095304B /* Room.swift in Sources */ = {isa = PBXBuildFile; fileRef = 91E52A49260A81EB0095304B /* Room.swift */; };
		91E52A4D260A841D0095304B /* RoomNetworkProvider.swift in Sources */ = {isa = PBXBuildFile; fileRef = 91E52A4C260A841D0095304B /* RoomNetworkProvider.swift */; };
		91E52A50260ABA400095304B /* DetailRoom.swift in Sources */ = {isa = PBXBuildFile; fileRef = 91E52A4F260ABA400095304B /* DetailRoom.swift */; };
		91E52A7D260BB0EA0095304B /* RoomCell.swift in Sources */ = {isa = PBXBuildFile; fileRef = 91E52A7B260BB0EA0095304B /* RoomCell.swift */; };
		91E52A7E260BB0EA0095304B /* RoomCell.xib in Resources */ = {isa = PBXBuildFile; fileRef = 91E52A7C260BB0EA0095304B /* RoomCell.xib */; };
/* End PBXBuildFile section */

/* Begin PBXFileReference section */
		72C0DC1111AD244E5BFCB3FF /* Pods-Domotic-App.debug.xcconfig */ = {isa = PBXFileReference; includeInIndex = 1; lastKnownFileType = text.xcconfig; name = "Pods-Domotic-App.debug.xcconfig"; path = "Target Support Files/Pods-Domotic-App/Pods-Domotic-App.debug.xcconfig"; sourceTree = "<group>"; };
		910EAC8E260D159A00F0692C /* UIViewControllerExtension.swift */ = {isa = PBXFileReference; fileEncoding = 4; lastKnownFileType = sourcecode.swift; path = UIViewControllerExtension.swift; sourceTree = "<group>"; };
		910EACA7260D222400F0692C /* RoomDetailPresenter.swift */ = {isa = PBXFileReference; fileEncoding = 4; lastKnownFileType = sourcecode.swift; path = RoomDetailPresenter.swift; sourceTree = "<group>"; };
		910EACA8260D222400F0692C /* RoomDetailEntity.swift */ = {isa = PBXFileReference; fileEncoding = 4; lastKnownFileType = sourcecode.swift; path = RoomDetailEntity.swift; sourceTree = "<group>"; };
		910EACA9260D222400F0692C /* RoomDetailBuilder.swift */ = {isa = PBXFileReference; fileEncoding = 4; lastKnownFileType = sourcecode.swift; path = RoomDetailBuilder.swift; sourceTree = "<group>"; };
		910EACAA260D222400F0692C /* RoomDetailContract.swift */ = {isa = PBXFileReference; fileEncoding = 4; lastKnownFileType = sourcecode.swift; path = RoomDetailContract.swift; sourceTree = "<group>"; };
		910EACAB260D222400F0692C /* RoomDetailView.swift */ = {isa = PBXFileReference; fileEncoding = 4; lastKnownFileType = sourcecode.swift; path = RoomDetailView.swift; sourceTree = "<group>"; };
		910EACAC260D222400F0692C /* RoomDetailInteractor.swift */ = {isa = PBXFileReference; fileEncoding = 4; lastKnownFileType = sourcecode.swift; path = RoomDetailInteractor.swift; sourceTree = "<group>"; };
		910EACAD260D222400F0692C /* RoomDetailWireframe.swift */ = {isa = PBXFileReference; fileEncoding = 4; lastKnownFileType = sourcecode.swift; path = RoomDetailWireframe.swift; sourceTree = "<group>"; };
		910EACAE260D222400F0692C /* RoomDetailView.xib */ = {isa = PBXFileReference; fileEncoding = 4; lastKnownFileType = file.xib; path = RoomDetailView.xib; sourceTree = "<group>"; };
		910EACBF260E4DBA00F0692C /* UIViewExtension.swift */ = {isa = PBXFileReference; lastKnownFileType = sourcecode.swift; path = UIViewExtension.swift; sourceTree = "<group>"; };
		91E529BF260A5BD00095304B /* Domotic-App.app */ = {isa = PBXFileReference; explicitFileType = wrapper.application; includeInIndex = 0; path = "Domotic-App.app"; sourceTree = BUILT_PRODUCTS_DIR; };
		91E529C2260A5BD00095304B /* AppDelegate.swift */ = {isa = PBXFileReference; lastKnownFileType = sourcecode.swift; path = AppDelegate.swift; sourceTree = "<group>"; };
		91E529C4260A5BD00095304B /* SceneDelegate.swift */ = {isa = PBXFileReference; lastKnownFileType = sourcecode.swift; path = SceneDelegate.swift; sourceTree = "<group>"; };
		91E529CB260A5BD00095304B /* Assets.xcassets */ = {isa = PBXFileReference; lastKnownFileType = folder.assetcatalog; path = Assets.xcassets; sourceTree = "<group>"; };
		91E529CE260A5BD00095304B /* Base */ = {isa = PBXFileReference; lastKnownFileType = file.storyboard; name = Base; path = Base.lproj/LaunchScreen.storyboard; sourceTree = "<group>"; };
		91E529D0260A5BD00095304B /* Info.plist */ = {isa = PBXFileReference; lastKnownFileType = text.plist.xml; path = Info.plist; sourceTree = "<group>"; };
		91E529D8260A5CDC0095304B /* MenuTabBarContract.swift */ = {isa = PBXFileReference; lastKnownFileType = sourcecode.swift; path = MenuTabBarContract.swift; sourceTree = "<group>"; };
		91E529D9260A5CDC0095304B /* MenuTabBarPresenter.swift */ = {isa = PBXFileReference; lastKnownFileType = sourcecode.swift; path = MenuTabBarPresenter.swift; sourceTree = "<group>"; };
		91E529DA260A5CDC0095304B /* MenuTabBarBuilder.swift */ = {isa = PBXFileReference; lastKnownFileType = sourcecode.swift; path = MenuTabBarBuilder.swift; sourceTree = "<group>"; };
		91E529DB260A5CDC0095304B /* MenuTabBarInteractor.swift */ = {isa = PBXFileReference; lastKnownFileType = sourcecode.swift; path = MenuTabBarInteractor.swift; sourceTree = "<group>"; };
		91E529DC260A5CDC0095304B /* MenuTabBarView.swift */ = {isa = PBXFileReference; lastKnownFileType = sourcecode.swift; path = MenuTabBarView.swift; sourceTree = "<group>"; };
		91E529DD260A5CDC0095304B /* MenuTabBarView.xib */ = {isa = PBXFileReference; lastKnownFileType = file.xib; path = MenuTabBarView.xib; sourceTree = "<group>"; };
		91E529DE260A5CDC0095304B /* MenuTabBarEntity.swift */ = {isa = PBXFileReference; lastKnownFileType = sourcecode.swift; path = MenuTabBarEntity.swift; sourceTree = "<group>"; };
		91E529DF260A5CDC0095304B /* MenuTabBarWireframe.swift */ = {isa = PBXFileReference; lastKnownFileType = sourcecode.swift; path = MenuTabBarWireframe.swift; sourceTree = "<group>"; };
		91E529EB260A5D240095304B /* BaseWireframe.swift */ = {isa = PBXFileReference; fileEncoding = 4; lastKnownFileType = sourcecode.swift; path = BaseWireframe.swift; sourceTree = "<group>"; };
		91E529EC260A5D240095304B /* BaseViewController.swift */ = {isa = PBXFileReference; fileEncoding = 4; lastKnownFileType = sourcecode.swift; path = BaseViewController.swift; sourceTree = "<group>"; };
		91E529ED260A5D240095304B /* BaseEntity.swift */ = {isa = PBXFileReference; fileEncoding = 4; lastKnownFileType = sourcecode.swift; path = BaseEntity.swift; sourceTree = "<group>"; };
		91E529EE260A5D240095304B /* BaseInteractor.swift */ = {isa = PBXFileReference; fileEncoding = 4; lastKnownFileType = sourcecode.swift; path = BaseInteractor.swift; sourceTree = "<group>"; };
		91E529EF260A5D240095304B /* BasePresenter.swift */ = {isa = PBXFileReference; fileEncoding = 4; lastKnownFileType = sourcecode.swift; path = BasePresenter.swift; sourceTree = "<group>"; };
		91E52A04260A617D0095304B /* LoadingView.xib */ = {isa = PBXFileReference; fileEncoding = 4; lastKnownFileType = file.xib; path = LoadingView.xib; sourceTree = "<group>"; };
		91E52A05260A617D0095304B /* LoadingViewController.swift */ = {isa = PBXFileReference; fileEncoding = 4; lastKnownFileType = sourcecode.swift; path = LoadingViewController.swift; sourceTree = "<group>"; };
		91E52A0B260A64440095304B /* Localizable.strings */ = {isa = PBXFileReference; lastKnownFileType = text.plist.strings; path = Localizable.strings; sourceTree = "<group>"; };
		91E52A0F260A648A0095304B /* UIImageViewExtension.swift */ = {isa = PBXFileReference; fileEncoding = 4; lastKnownFileType = sourcecode.swift; path = UIImageViewExtension.swift; sourceTree = "<group>"; };
		91E52A24260A6CB40095304B /* RoomListContract.swift */ = {isa = PBXFileReference; lastKnownFileType = sourcecode.swift; path = RoomListContract.swift; sourceTree = "<group>"; };
		91E52A25260A6CB40095304B /* RoomListPresenter.swift */ = {isa = PBXFileReference; lastKnownFileType = sourcecode.swift; path = RoomListPresenter.swift; sourceTree = "<group>"; };
		91E52A26260A6CB40095304B /* RoomListBuilder.swift */ = {isa = PBXFileReference; lastKnownFileType = sourcecode.swift; path = RoomListBuilder.swift; sourceTree = "<group>"; };
		91E52A27260A6CB40095304B /* RoomListInteractor.swift */ = {isa = PBXFileReference; lastKnownFileType = sourcecode.swift; path = RoomListInteractor.swift; sourceTree = "<group>"; };
		91E52A28260A6CB40095304B /* RoomListView.swift */ = {isa = PBXFileReference; lastKnownFileType = sourcecode.swift; path = RoomListView.swift; sourceTree = "<group>"; };
		91E52A29260A6CB40095304B /* RoomListView.xib */ = {isa = PBXFileReference; lastKnownFileType = file.xib; path = RoomListView.xib; sourceTree = "<group>"; };
		91E52A2A260A6CB40095304B /* RoomListEntity.swift */ = {isa = PBXFileReference; lastKnownFileType = sourcecode.swift; path = RoomListEntity.swift; sourceTree = "<group>"; };
		91E52A2B260A6CB40095304B /* RoomListWireframe.swift */ = {isa = PBXFileReference; lastKnownFileType = sourcecode.swift; path = RoomListWireframe.swift; sourceTree = "<group>"; };
		91E52A3B260A7A500095304B /* NetworkConstants.swift */ = {isa = PBXFileReference; lastKnownFileType = sourcecode.swift; path = NetworkConstants.swift; sourceTree = "<group>"; };
		91E52A49260A81EB0095304B /* Room.swift */ = {isa = PBXFileReference; lastKnownFileType = sourcecode.swift; path = Room.swift; sourceTree = "<group>"; };
		91E52A4C260A841D0095304B /* RoomNetworkProvider.swift */ = {isa = PBXFileReference; lastKnownFileType = sourcecode.swift; path = RoomNetworkProvider.swift; sourceTree = "<group>"; };
		91E52A4F260ABA400095304B /* DetailRoom.swift */ = {isa = PBXFileReference; lastKnownFileType = sourcecode.swift; path = DetailRoom.swift; sourceTree = "<group>"; };
		91E52A7B260BB0EA0095304B /* RoomCell.swift */ = {isa = PBXFileReference; lastKnownFileType = sourcecode.swift; path = RoomCell.swift; sourceTree = "<group>"; };
		91E52A7C260BB0EA0095304B /* RoomCell.xib */ = {isa = PBXFileReference; lastKnownFileType = file.xib; path = RoomCell.xib; sourceTree = "<group>"; };
		B63B56490EE1AD36B2342E2E /* Pods-Domotic-App.release.xcconfig */ = {isa = PBXFileReference; includeInIndex = 1; lastKnownFileType = text.xcconfig; name = "Pods-Domotic-App.release.xcconfig"; path = "Target Support Files/Pods-Domotic-App/Pods-Domotic-App.release.xcconfig"; sourceTree = "<group>"; };
		D21F8D5751FEC65664C64D4D /* Pods_Domotic_App.framework */ = {isa = PBXFileReference; explicitFileType = wrapper.framework; includeInIndex = 0; path = Pods_Domotic_App.framework; sourceTree = BUILT_PRODUCTS_DIR; };
/* End PBXFileReference section */

/* Begin PBXFrameworksBuildPhase section */
		91E529BC260A5BD00095304B /* Frameworks */ = {
			isa = PBXFrameworksBuildPhase;
			buildActionMask = 2147483647;
			files = (
				787BF3FDC478AE063E1D5201 /* Pods_Domotic_App.framework in Frameworks */,
			);
			runOnlyForDeploymentPostprocessing = 0;
		};
/* End PBXFrameworksBuildPhase section */

/* Begin PBXGroup section */
		095091F05ED7974B4EBF8124 /* Frameworks */ = {
			isa = PBXGroup;
			children = (
				D21F8D5751FEC65664C64D4D /* Pods_Domotic_App.framework */,
			);
			name = Frameworks;
			sourceTree = "<group>";
		};
		42F53B619B24BE257C328139 /* Pods */ = {
			isa = PBXGroup;
			children = (
				72C0DC1111AD244E5BFCB3FF /* Pods-Domotic-App.debug.xcconfig */,
				B63B56490EE1AD36B2342E2E /* Pods-Domotic-App.release.xcconfig */,
			);
			path = Pods;
			sourceTree = "<group>";
		};
		910EACA6260D222400F0692C /* RoomDetail */ = {
			isa = PBXGroup;
			children = (
				910EACA9260D222400F0692C /* RoomDetailBuilder.swift */,
				910EACAA260D222400F0692C /* RoomDetailContract.swift */,
				910EACA8260D222400F0692C /* RoomDetailEntity.swift */,
				910EACAC260D222400F0692C /* RoomDetailInteractor.swift */,
				910EACA7260D222400F0692C /* RoomDetailPresenter.swift */,
				910EACAB260D222400F0692C /* RoomDetailView.swift */,
				910EACAD260D222400F0692C /* RoomDetailWireframe.swift */,
				910EACB9260D226E00F0692C /* UI */,
			);
			path = RoomDetail;
			sourceTree = "<group>";
		};
		910EACB9260D226E00F0692C /* UI */ = {
			isa = PBXGroup;
			children = (
				910EACAE260D222400F0692C /* RoomDetailView.xib */,
			);
			path = UI;
			sourceTree = "<group>";
		};
		91E529B6260A5BD00095304B = {
			isa = PBXGroup;
			children = (
				91E529C1260A5BD00095304B /* Domotic-App */,
				91E529C0260A5BD00095304B /* Products */,
				42F53B619B24BE257C328139 /* Pods */,
				095091F05ED7974B4EBF8124 /* Frameworks */,
			);
			sourceTree = "<group>";
		};
		91E529C0260A5BD00095304B /* Products */ = {
			isa = PBXGroup;
			children = (
				91E529BF260A5BD00095304B /* Domotic-App.app */,
			);
			name = Products;
			sourceTree = "<group>";
		};
		91E529C1260A5BD00095304B /* Domotic-App */ = {
			isa = PBXGroup;
			children = (
				91E52A0E260A648A0095304B /* Extensions */,
				91E52A01260A617D0095304B /* Components */,
				91E52A47260A80050095304B /* Models */,
				91E529E9260A5CE20095304B /* Modules */,
				91E52A0A260A640A0095304B /* Resources */,
				91E52A36260A79B60095304B /* Providers */,
				91E529C2260A5BD00095304B /* AppDelegate.swift */,
				91E529C4260A5BD00095304B /* SceneDelegate.swift */,
				91E529CB260A5BD00095304B /* Assets.xcassets */,
				91E529CD260A5BD00095304B /* LaunchScreen.storyboard */,
				91E529D0260A5BD00095304B /* Info.plist */,
			);
			path = "Domotic-App";
			sourceTree = "<group>";
		};
		91E529D7260A5C970095304B /* MenuTabBar */ = {
			isa = PBXGroup;
			children = (
				91E52A21260A663B0095304B /* UI */,
				91E529DA260A5CDC0095304B /* MenuTabBarBuilder.swift */,
				91E529DE260A5CDC0095304B /* MenuTabBarEntity.swift */,
				91E529D8260A5CDC0095304B /* MenuTabBarContract.swift */,
				91E529DB260A5CDC0095304B /* MenuTabBarInteractor.swift */,
				91E529D9260A5CDC0095304B /* MenuTabBarPresenter.swift */,
				91E529DC260A5CDC0095304B /* MenuTabBarView.swift */,
				91E529DF260A5CDC0095304B /* MenuTabBarWireframe.swift */,
			);
			path = MenuTabBar;
			sourceTree = "<group>";
		};
		91E529E9260A5CE20095304B /* Modules */ = {
			isa = PBXGroup;
			children = (
				91E529EA260A5D240095304B /* BASE */,
				91E529D7260A5C970095304B /* MenuTabBar */,
				910EACA6260D222400F0692C /* RoomDetail */,
				91E52A23260A6C230095304B /* RoomList */,
			);
			path = Modules;
			sourceTree = "<group>";
		};
		91E529EA260A5D240095304B /* BASE */ = {
			isa = PBXGroup;
			children = (
				91E529ED260A5D240095304B /* BaseEntity.swift */,
				91E529EE260A5D240095304B /* BaseInteractor.swift */,
				91E529EF260A5D240095304B /* BasePresenter.swift */,
				91E529EC260A5D240095304B /* BaseViewController.swift */,
				91E529EB260A5D240095304B /* BaseWireframe.swift */,
			);
			path = BASE;
			sourceTree = "<group>";
		};
		91E52A01260A617D0095304B /* Components */ = {
			isa = PBXGroup;
			children = (
				91E52A02260A617D0095304B /* LoadingView */,
			);
			path = Components;
			sourceTree = "<group>";
		};
		91E52A02260A617D0095304B /* LoadingView */ = {
			isa = PBXGroup;
			children = (
				91E52A03260A617D0095304B /* UI */,
				91E52A05260A617D0095304B /* LoadingViewController.swift */,
			);
			path = LoadingView;
			sourceTree = "<group>";
		};
		91E52A03260A617D0095304B /* UI */ = {
			isa = PBXGroup;
			children = (
				91E52A04260A617D0095304B /* LoadingView.xib */,
			);
			path = UI;
			sourceTree = "<group>";
		};
		91E52A0A260A640A0095304B /* Resources */ = {
			isa = PBXGroup;
			children = (
				91E52A0B260A64440095304B /* Localizable.strings */,
			);
			path = Resources;
			sourceTree = "<group>";
		};
		91E52A0E260A648A0095304B /* Extensions */ = {
			isa = PBXGroup;
			children = (
				910EAC8E260D159A00F0692C /* UIViewControllerExtension.swift */,
				91E52A0F260A648A0095304B /* UIImageViewExtension.swift */,
				910EACBF260E4DBA00F0692C /* UIViewExtension.swift */,
			);
			path = Extensions;
			sourceTree = "<group>";
		};
		91E52A21260A663B0095304B /* UI */ = {
			isa = PBXGroup;
			children = (
				91E529DD260A5CDC0095304B /* MenuTabBarView.xib */,
			);
			path = UI;
			sourceTree = "<group>";
		};
		91E52A23260A6C230095304B /* RoomList */ = {
			isa = PBXGroup;
			children = (
				91E52A26260A6CB40095304B /* RoomListBuilder.swift */,
				91E52A24260A6CB40095304B /* RoomListContract.swift */,
				91E52A2A260A6CB40095304B /* RoomListEntity.swift */,
				91E52A27260A6CB40095304B /* RoomListInteractor.swift */,
				91E52A25260A6CB40095304B /* RoomListPresenter.swift */,
				91E52A28260A6CB40095304B /* RoomListView.swift */,
				91E52A2B260A6CB40095304B /* RoomListWireframe.swift */,
				91E52A52260BA3290095304B /* UI */,
			);
			path = RoomList;
			sourceTree = "<group>";
		};
		91E52A36260A79B60095304B /* Providers */ = {
			isa = PBXGroup;
			children = (
				91E52A3A260A7A280095304B /* Network */,
			);
			path = Providers;
			sourceTree = "<group>";
		};
		91E52A3A260A7A280095304B /* Network */ = {
			isa = PBXGroup;
			children = (
				91E52A3B260A7A500095304B /* NetworkConstants.swift */,
				91E52A3E260A7CE80095304B /* Gateways */,
			);
			path = Network;
			sourceTree = "<group>";
		};
		91E52A3E260A7CE80095304B /* Gateways */ = {
			isa = PBXGroup;
			children = (
				91E52A4C260A841D0095304B /* RoomNetworkProvider.swift */,
			);
			path = Gateways;
			sourceTree = "<group>";
		};
		91E52A47260A80050095304B /* Models */ = {
			isa = PBXGroup;
			children = (
				91E52A49260A81EB0095304B /* Room.swift */,
				91E52A4F260ABA400095304B /* DetailRoom.swift */,
			);
			path = Models;
			sourceTree = "<group>";
		};
		91E52A52260BA3290095304B /* UI */ = {
			isa = PBXGroup;
			children = (
				91E52A7A260BB09C0095304B /* Cells */,
				91E52A29260A6CB40095304B /* RoomListView.xib */,
			);
			path = UI;
			sourceTree = "<group>";
		};
		91E52A7A260BB09C0095304B /* Cells */ = {
			isa = PBXGroup;
			children = (
				91E52A7B260BB0EA0095304B /* RoomCell.swift */,
				91E52A7C260BB0EA0095304B /* RoomCell.xib */,
			);
			path = Cells;
			sourceTree = "<group>";
		};
/* End PBXGroup section */

/* Begin PBXNativeTarget section */
		91E529BE260A5BD00095304B /* Domotic-App */ = {
			isa = PBXNativeTarget;
			buildConfigurationList = 91E529D3260A5BD00095304B /* Build configuration list for PBXNativeTarget "Domotic-App" */;
			buildPhases = (
				F6EBABB7A61885C68737B940 /* [CP] Check Pods Manifest.lock */,
				91E529BB260A5BD00095304B /* Sources */,
				91E529BC260A5BD00095304B /* Frameworks */,
				91E529BD260A5BD00095304B /* Resources */,
				0062DB0ACC57CD8EC558EACA /* [CP] Embed Pods Frameworks */,
			);
			buildRules = (
			);
			dependencies = (
			);
			name = "Domotic-App";
			productName = "Domotic-App";
			productReference = 91E529BF260A5BD00095304B /* Domotic-App.app */;
			productType = "com.apple.product-type.application";
		};
/* End PBXNativeTarget section */

/* Begin PBXProject section */
		91E529B7260A5BD00095304B /* Project object */ = {
			isa = PBXProject;
			attributes = {
				LastSwiftUpdateCheck = 1240;
				LastUpgradeCheck = 1240;
				TargetAttributes = {
					91E529BE260A5BD00095304B = {
						CreatedOnToolsVersion = 12.4;
					};
				};
			};
			buildConfigurationList = 91E529BA260A5BD00095304B /* Build configuration list for PBXProject "Domotic-App" */;
			compatibilityVersion = "Xcode 9.3";
			developmentRegion = en;
			hasScannedForEncodings = 0;
			knownRegions = (
				en,
				Base,
			);
			mainGroup = 91E529B6260A5BD00095304B;
			productRefGroup = 91E529C0260A5BD00095304B /* Products */;
			projectDirPath = "";
			projectRoot = "";
			targets = (
				91E529BE260A5BD00095304B /* Domotic-App */,
			);
		};
/* End PBXProject section */

/* Begin PBXResourcesBuildPhase section */
		91E529BD260A5BD00095304B /* Resources */ = {
			isa = PBXResourcesBuildPhase;
			buildActionMask = 2147483647;
			files = (
				91E52A7E260BB0EA0095304B /* RoomCell.xib in Resources */,
				91E52A0C260A64440095304B /* Localizable.strings in Resources */,
				91E529CF260A5BD00095304B /* LaunchScreen.storyboard in Resources */,
				91E52A06260A617D0095304B /* LoadingView.xib in Resources */,
				91E529CC260A5BD00095304B /* Assets.xcassets in Resources */,
				91E529E5260A5CDC0095304B /* MenuTabBarView.xib in Resources */,
				910EACB6260D222400F0692C /* RoomDetailView.xib in Resources */,
				91E52A31260A6CB40095304B /* RoomListView.xib in Resources */,
			);
			runOnlyForDeploymentPostprocessing = 0;
		};
/* End PBXResourcesBuildPhase section */

/* Begin PBXShellScriptBuildPhase section */
		0062DB0ACC57CD8EC558EACA /* [CP] Embed Pods Frameworks */ = {
			isa = PBXShellScriptBuildPhase;
			buildActionMask = 2147483647;
			files = (
			);
			inputFileListPaths = (
				"${PODS_ROOT}/Target Support Files/Pods-Domotic-App/Pods-Domotic-App-frameworks-${CONFIGURATION}-input-files.xcfilelist",
			);
			name = "[CP] Embed Pods Frameworks";
			outputFileListPaths = (
				"${PODS_ROOT}/Target Support Files/Pods-Domotic-App/Pods-Domotic-App-frameworks-${CONFIGURATION}-output-files.xcfilelist",
			);
			runOnlyForDeploymentPostprocessing = 0;
			shellPath = /bin/sh;
			shellScript = "\"${PODS_ROOT}/Target Support Files/Pods-Domotic-App/Pods-Domotic-App-frameworks.sh\"\n";
			showEnvVarsInLog = 0;
		};
		F6EBABB7A61885C68737B940 /* [CP] Check Pods Manifest.lock */ = {
			isa = PBXShellScriptBuildPhase;
			buildActionMask = 2147483647;
			files = (
			);
			inputFileListPaths = (
			);
			inputPaths = (
				"${PODS_PODFILE_DIR_PATH}/Podfile.lock",
				"${PODS_ROOT}/Manifest.lock",
			);
			name = "[CP] Check Pods Manifest.lock";
			outputFileListPaths = (
			);
			outputPaths = (
				"$(DERIVED_FILE_DIR)/Pods-Domotic-App-checkManifestLockResult.txt",
			);
			runOnlyForDeploymentPostprocessing = 0;
			shellPath = /bin/sh;
			shellScript = "diff \"${PODS_PODFILE_DIR_PATH}/Podfile.lock\" \"${PODS_ROOT}/Manifest.lock\" > /dev/null\nif [ $? != 0 ] ; then\n    # print error to STDERR\n    echo \"error: The sandbox is not in sync with the Podfile.lock. Run 'pod install' or update your CocoaPods installation.\" >&2\n    exit 1\nfi\n# This output is used by Xcode 'outputs' to avoid re-running this script phase.\necho \"SUCCESS\" > \"${SCRIPT_OUTPUT_FILE_0}\"\n";
			showEnvVarsInLog = 0;
		};
/* End PBXShellScriptBuildPhase section */

/* Begin PBXSourcesBuildPhase section */
		91E529BB260A5BD00095304B /* Sources */ = {
			isa = PBXSourcesBuildPhase;
			buildActionMask = 2147483647;
			files = (
				91E52A3C260A7A500095304B /* NetworkConstants.swift in Sources */,
				910EACB2260D222400F0692C /* RoomDetailContract.swift in Sources */,
				91E529F4260A5D240095304B /* BasePresenter.swift in Sources */,
				91E529C3260A5BD00095304B /* AppDelegate.swift in Sources */,
				91E52A33260A6CB40095304B /* RoomListWireframe.swift in Sources */,
				91E52A7D260BB0EA0095304B /* RoomCell.swift in Sources */,
				910EACB0260D222400F0692C /* RoomDetailEntity.swift in Sources */,
				91E52A2D260A6CB40095304B /* RoomListPresenter.swift in Sources */,
				91E52A2E260A6CB40095304B /* RoomListBuilder.swift in Sources */,
				91E52A32260A6CB40095304B /* RoomListEntity.swift in Sources */,
				91E52A07260A617D0095304B /* LoadingViewController.swift in Sources */,
				91E52A4A260A81EB0095304B /* Room.swift in Sources */,
				91E529E0260A5CDC0095304B /* MenuTabBarContract.swift in Sources */,
				91E529E4260A5CDC0095304B /* MenuTabBarView.swift in Sources */,
				910EAC8F260D159A00F0692C /* UIViewControllerExtension.swift in Sources */,
				910EACB4260D222400F0692C /* RoomDetailInteractor.swift in Sources */,
				91E529E3260A5CDC0095304B /* MenuTabBarInteractor.swift in Sources */,
				91E52A30260A6CB40095304B /* RoomListView.swift in Sources */,
				910EACB1260D222400F0692C /* RoomDetailBuilder.swift in Sources */,
				91E529F1260A5D240095304B /* BaseViewController.swift in Sources */,
				91E529E6260A5CDC0095304B /* MenuTabBarEntity.swift in Sources */,
				91E52A50260ABA400095304B /* DetailRoom.swift in Sources */,
				91E529E1260A5CDC0095304B /* MenuTabBarPresenter.swift in Sources */,
				91E529E7260A5CDC0095304B /* MenuTabBarWireframe.swift in Sources */,
				91E52A2C260A6CB40095304B /* RoomListContract.swift in Sources */,
				91E52A2F260A6CB40095304B /* RoomListInteractor.swift in Sources */,
				91E529E2260A5CDC0095304B /* MenuTabBarBuilder.swift in Sources */,
				91E529C5260A5BD00095304B /* SceneDelegate.swift in Sources */,
				91E52A4D260A841D0095304B /* RoomNetworkProvider.swift in Sources */,
				910EACB3260D222400F0692C /* RoomDetailView.swift in Sources */,
				91E529F2260A5D240095304B /* BaseEntity.swift in Sources */,
				910EACC0260E4DBA00F0692C /* UIViewExtension.swift in Sources */,
				910EACAF260D222400F0692C /* RoomDetailPresenter.swift in Sources */,
				910EACB5260D222400F0692C /* RoomDetailWireframe.swift in Sources */,
				91E529F0260A5D240095304B /* BaseWireframe.swift in Sources */,
				91E52A14260A648A0095304B /* UIImageViewExtension.swift in Sources */,
				91E529F3260A5D240095304B /* BaseInteractor.swift in Sources */,
			);
			runOnlyForDeploymentPostprocessing = 0;
		};
/* End PBXSourcesBuildPhase section */

/* Begin PBXVariantGroup section */
		91E529CD260A5BD00095304B /* LaunchScreen.storyboard */ = {
			isa = PBXVariantGroup;
			children = (
				91E529CE260A5BD00095304B /* Base */,
			);
			name = LaunchScreen.storyboard;
			sourceTree = "<group>";
		};
/* End PBXVariantGroup section */

/* Begin XCBuildConfiguration section */
		91E529D1260A5BD00095304B /* Debug */ = {
			isa = XCBuildConfiguration;
			buildSettings = {
				ALWAYS_SEARCH_USER_PATHS = NO;
				CLANG_ANALYZER_NONNULL = YES;
				CLANG_ANALYZER_NUMBER_OBJECT_CONVERSION = YES_AGGRESSIVE;
				CLANG_CXX_LANGUAGE_STANDARD = "gnu++14";
				CLANG_CXX_LIBRARY = "libc++";
				CLANG_ENABLE_MODULES = YES;
				CLANG_ENABLE_OBJC_ARC = YES;
				CLANG_ENABLE_OBJC_WEAK = YES;
				CLANG_WARN_BLOCK_CAPTURE_AUTORELEASING = YES;
				CLANG_WARN_BOOL_CONVERSION = YES;
				CLANG_WARN_COMMA = YES;
				CLANG_WARN_CONSTANT_CONVERSION = YES;
				CLANG_WARN_DEPRECATED_OBJC_IMPLEMENTATIONS = YES;
				CLANG_WARN_DIRECT_OBJC_ISA_USAGE = YES_ERROR;
				CLANG_WARN_DOCUMENTATION_COMMENTS = YES;
				CLANG_WARN_EMPTY_BODY = YES;
				CLANG_WARN_ENUM_CONVERSION = YES;
				CLANG_WARN_INFINITE_RECURSION = YES;
				CLANG_WARN_INT_CONVERSION = YES;
				CLANG_WARN_NON_LITERAL_NULL_CONVERSION = YES;
				CLANG_WARN_OBJC_IMPLICIT_RETAIN_SELF = YES;
				CLANG_WARN_OBJC_LITERAL_CONVERSION = YES;
				CLANG_WARN_OBJC_ROOT_CLASS = YES_ERROR;
				CLANG_WARN_QUOTED_INCLUDE_IN_FRAMEWORK_HEADER = YES;
				CLANG_WARN_RANGE_LOOP_ANALYSIS = YES;
				CLANG_WARN_STRICT_PROTOTYPES = YES;
				CLANG_WARN_SUSPICIOUS_MOVE = YES;
				CLANG_WARN_UNGUARDED_AVAILABILITY = YES_AGGRESSIVE;
				CLANG_WARN_UNREACHABLE_CODE = YES;
				CLANG_WARN__DUPLICATE_METHOD_MATCH = YES;
				COPY_PHASE_STRIP = NO;
				DEBUG_INFORMATION_FORMAT = dwarf;
				ENABLE_STRICT_OBJC_MSGSEND = YES;
				ENABLE_TESTABILITY = YES;
				GCC_C_LANGUAGE_STANDARD = gnu11;
				GCC_DYNAMIC_NO_PIC = NO;
				GCC_NO_COMMON_BLOCKS = YES;
				GCC_OPTIMIZATION_LEVEL = 0;
				GCC_PREPROCESSOR_DEFINITIONS = (
					"DEBUG=1",
					"$(inherited)",
				);
				GCC_WARN_64_TO_32_BIT_CONVERSION = YES;
				GCC_WARN_ABOUT_RETURN_TYPE = YES_ERROR;
				GCC_WARN_UNDECLARED_SELECTOR = YES;
				GCC_WARN_UNINITIALIZED_AUTOS = YES_AGGRESSIVE;
				GCC_WARN_UNUSED_FUNCTION = YES;
				GCC_WARN_UNUSED_VARIABLE = YES;
				IPHONEOS_DEPLOYMENT_TARGET = 14.4;
				MTL_ENABLE_DEBUG_INFO = INCLUDE_SOURCE;
				MTL_FAST_MATH = YES;
				ONLY_ACTIVE_ARCH = YES;
				SDKROOT = iphoneos;
				SWIFT_ACTIVE_COMPILATION_CONDITIONS = DEBUG;
				SWIFT_OPTIMIZATION_LEVEL = "-Onone";
			};
			name = Debug;
		};
		91E529D2260A5BD00095304B /* Release */ = {
			isa = XCBuildConfiguration;
			buildSettings = {
				ALWAYS_SEARCH_USER_PATHS = NO;
				CLANG_ANALYZER_NONNULL = YES;
				CLANG_ANALYZER_NUMBER_OBJECT_CONVERSION = YES_AGGRESSIVE;
				CLANG_CXX_LANGUAGE_STANDARD = "gnu++14";
				CLANG_CXX_LIBRARY = "libc++";
				CLANG_ENABLE_MODULES = YES;
				CLANG_ENABLE_OBJC_ARC = YES;
				CLANG_ENABLE_OBJC_WEAK = YES;
				CLANG_WARN_BLOCK_CAPTURE_AUTORELEASING = YES;
				CLANG_WARN_BOOL_CONVERSION = YES;
				CLANG_WARN_COMMA = YES;
				CLANG_WARN_CONSTANT_CONVERSION = YES;
				CLANG_WARN_DEPRECATED_OBJC_IMPLEMENTATIONS = YES;
				CLANG_WARN_DIRECT_OBJC_ISA_USAGE = YES_ERROR;
				CLANG_WARN_DOCUMENTATION_COMMENTS = YES;
				CLANG_WARN_EMPTY_BODY = YES;
				CLANG_WARN_ENUM_CONVERSION = YES;
				CLANG_WARN_INFINITE_RECURSION = YES;
				CLANG_WARN_INT_CONVERSION = YES;
				CLANG_WARN_NON_LITERAL_NULL_CONVERSION = YES;
				CLANG_WARN_OBJC_IMPLICIT_RETAIN_SELF = YES;
				CLANG_WARN_OBJC_LITERAL_CONVERSION = YES;
				CLANG_WARN_OBJC_ROOT_CLASS = YES_ERROR;
				CLANG_WARN_QUOTED_INCLUDE_IN_FRAMEWORK_HEADER = YES;
				CLANG_WARN_RANGE_LOOP_ANALYSIS = YES;
				CLANG_WARN_STRICT_PROTOTYPES = YES;
				CLANG_WARN_SUSPICIOUS_MOVE = YES;
				CLANG_WARN_UNGUARDED_AVAILABILITY = YES_AGGRESSIVE;
				CLANG_WARN_UNREACHABLE_CODE = YES;
				CLANG_WARN__DUPLICATE_METHOD_MATCH = YES;
				COPY_PHASE_STRIP = NO;
				DEBUG_INFORMATION_FORMAT = "dwarf-with-dsym";
				ENABLE_NS_ASSERTIONS = NO;
				ENABLE_STRICT_OBJC_MSGSEND = YES;
				GCC_C_LANGUAGE_STANDARD = gnu11;
				GCC_NO_COMMON_BLOCKS = YES;
				GCC_WARN_64_TO_32_BIT_CONVERSION = YES;
				GCC_WARN_ABOUT_RETURN_TYPE = YES_ERROR;
				GCC_WARN_UNDECLARED_SELECTOR = YES;
				GCC_WARN_UNINITIALIZED_AUTOS = YES_AGGRESSIVE;
				GCC_WARN_UNUSED_FUNCTION = YES;
				GCC_WARN_UNUSED_VARIABLE = YES;
				IPHONEOS_DEPLOYMENT_TARGET = 14.4;
				MTL_ENABLE_DEBUG_INFO = NO;
				MTL_FAST_MATH = YES;
				SDKROOT = iphoneos;
				SWIFT_COMPILATION_MODE = wholemodule;
				SWIFT_OPTIMIZATION_LEVEL = "-O";
				VALIDATE_PRODUCT = YES;
			};
			name = Release;
		};
		91E529D4260A5BD00095304B /* Debug */ = {
			isa = XCBuildConfiguration;
			baseConfigurationReference = 72C0DC1111AD244E5BFCB3FF /* Pods-Domotic-App.debug.xcconfig */;
			buildSettings = {
				ASSETCATALOG_COMPILER_APPICON_NAME = AppIcon;
				ASSETCATALOG_COMPILER_GLOBAL_ACCENT_COLOR_NAME = AccentColor;
				CODE_SIGN_STYLE = Automatic;
				DEVELOPMENT_TEAM = VW5J8VSJ22;
				INFOPLIST_FILE = "Domotic-App/Info.plist";
				LD_RUNPATH_SEARCH_PATHS = (
					"$(inherited)",
					"@executable_path/Frameworks",
				);
				PRODUCT_BUNDLE_IDENTIFIER = "com.aarcala..Domotic-App";
				PRODUCT_NAME = "$(TARGET_NAME)";
				SWIFT_VERSION = 5.0;
				TARGETED_DEVICE_FAMILY = "1,2";
			};
			name = Debug;
		};
		91E529D5260A5BD00095304B /* Release */ = {
			isa = XCBuildConfiguration;
			baseConfigurationReference = B63B56490EE1AD36B2342E2E /* Pods-Domotic-App.release.xcconfig */;
			buildSettings = {
				ASSETCATALOG_COMPILER_APPICON_NAME = AppIcon;
				ASSETCATALOG_COMPILER_GLOBAL_ACCENT_COLOR_NAME = AccentColor;
				CODE_SIGN_STYLE = Automatic;
				DEVELOPMENT_TEAM = VW5J8VSJ22;
				INFOPLIST_FILE = "Domotic-App/Info.plist";
				LD_RUNPATH_SEARCH_PATHS = (
					"$(inherited)",
					"@executable_path/Frameworks",
				);
				PRODUCT_BUNDLE_IDENTIFIER = "com.aarcala..Domotic-App";
				PRODUCT_NAME = "$(TARGET_NAME)";
				SWIFT_VERSION = 5.0;
				TARGETED_DEVICE_FAMILY = "1,2";
			};
			name = Release;
		};
/* End XCBuildConfiguration section */

/* Begin XCConfigurationList section */
		91E529BA260A5BD00095304B /* Build configuration list for PBXProject "Domotic-App" */ = {
			isa = XCConfigurationList;
			buildConfigurations = (
				91E529D1260A5BD00095304B /* Debug */,
				91E529D2260A5BD00095304B /* Release */,
			);
			defaultConfigurationIsVisible = 0;
			defaultConfigurationName = Release;
		};
		91E529D3260A5BD00095304B /* Build configuration list for PBXNativeTarget "Domotic-App" */ = {
			isa = XCConfigurationList;
			buildConfigurations = (
				91E529D4260A5BD00095304B /* Debug */,
				91E529D5260A5BD00095304B /* Release */,
			);
			defaultConfigurationIsVisible = 0;
			defaultConfigurationName = Release;
		};
/* End XCConfigurationList section */
	};
	rootObject = 91E529B7260A5BD00095304B /* Project object */;
}
